
Microsoft Visual Studio Solution File, Format Version 12.00
# Visual Studio 15
VisualStudioVersion = 15.0.27428.2037
MinimumVisualStudioVersion = 10.0.40219.1
Project("{FAE04EC0-301F-11D3-BF4B-00C04F79EFBC}") = "ReportMe.Frontend", "ReportMe\ReportMe.Frontend.csproj", "{D91EB4C8-461D-474E-80E1-BA31D0B4EBF6}"
EndProject
Project("{2150E333-8FDC-42A3-9474-1A3956D46DE8}") = "Solution Items", "Solution Items", "{745E01E6-BBC5-4325-90AE-90856C5C8F2F}"
EndProject
Project("{9A19103F-16F7-4668-BE54-9A1E7A4F7556}") = "ReportMe.Test", "ReportMe.Test\ReportMe.Test.csproj", "{FCA54957-1BCD-4E35-8594-E1CFBAD27E6F}"
	ProjectSection(ProjectDependencies) = postProject
		{C80E503B-7430-4258-828E-8018F7588746} = {C80E503B-7430-4258-828E-8018F7588746}
	EndProjectSection
EndProject
Project("{FAE04EC0-301F-11D3-BF4B-00C04F79EFBC}") = "ReportMe.Backend", "ReportMe.Backend\ReportMe.Backend.csproj", "{C80E503B-7430-4258-828E-8018F7588746}"
EndProject
Global
	GlobalSection(SolutionConfigurationPlatforms) = preSolution
		Debug|Any CPU = Debug|Any CPU
		Debug|x86 = Debug|x86
		Release|Any CPU = Release|Any CPU
		Release|x86 = Release|x86
	EndGlobalSection
	GlobalSection(ProjectConfigurationPlatforms) = postSolution
		{D91EB4C8-461D-474E-80E1-BA31D0B4EBF6}.Debug|Any CPU.ActiveCfg = Debug|Any CPU
		{D91EB4C8-461D-474E-80E1-BA31D0B4EBF6}.Debug|Any CPU.Build.0 = Debug|Any CPU
		{D91EB4C8-461D-474E-80E1-BA31D0B4EBF6}.Debug|x86.ActiveCfg = Debug|x86
		{D91EB4C8-461D-474E-80E1-BA31D0B4EBF6}.Debug|x86.Build.0 = Debug|x86
		{D91EB4C8-461D-474E-80E1-BA31D0B4EBF6}.Release|Any CPU.ActiveCfg = Release|Any CPU
		{D91EB4C8-461D-474E-80E1-BA31D0B4EBF6}.Release|Any CPU.Build.0 = Release|Any CPU
		{D91EB4C8-461D-474E-80E1-BA31D0B4EBF6}.Release|x86.ActiveCfg = Release|x86
		{D91EB4C8-461D-474E-80E1-BA31D0B4EBF6}.Release|x86.Build.0 = Release|x86
		{FCA54957-1BCD-4E35-8594-E1CFBAD27E6F}.Debug|Any CPU.ActiveCfg = Debug|Any CPU
		{FCA54957-1BCD-4E35-8594-E1CFBAD27E6F}.Debug|Any CPU.Build.0 = Debug|Any CPU
		{FCA54957-1BCD-4E35-8594-E1CFBAD27E6F}.Debug|x86.ActiveCfg = Debug|Any CPU
		{FCA54957-1BCD-4E35-8594-E1CFBAD27E6F}.Debug|x86.Build.0 = Debug|Any CPU
		{FCA54957-1BCD-4E35-8594-E1CFBAD27E6F}.Release|Any CPU.ActiveCfg = Release|Any CPU
		{FCA54957-1BCD-4E35-8594-E1CFBAD27E6F}.Release|Any CPU.Build.0 = Release|Any CPU
		{FCA54957-1BCD-4E35-8594-E1CFBAD27E6F}.Release|x86.ActiveCfg = Release|Any CPU
		{FCA54957-1BCD-4E35-8594-E1CFBAD27E6F}.Release|x86.Build.0 = Release|Any CPU
		{C80E503B-7430-4258-828E-8018F7588746}.Debug|Any CPU.ActiveCfg = Debug|Any CPU
		{C80E503B-7430-4258-828E-8018F7588746}.Debug|Any CPU.Build.0 = Debug|Any CPU
		{C80E503B-7430-4258-828E-8018F7588746}.Debug|x86.ActiveCfg = Debug|Any CPU
		{C80E503B-7430-4258-828E-8018F7588746}.Debug|x86.Build.0 = Debug|Any CPU
		{C80E503B-7430-4258-828E-8018F7588746}.Release|Any CPU.ActiveCfg = Release|Any CPU
		{C80E503B-7430-4258-828E-8018F7588746}.Release|Any CPU.Build.0 = Release|Any CPU
		{C80E503B-7430-4258-828E-8018F7588746}.Release|x86.ActiveCfg = Release|Any CPU
		{C80E503B-7430-4258-828E-8018F7588746}.Release|x86.Build.0 = Release|Any CPU
	EndGlobalSection
	GlobalSection(SolutionProperties) = preSolution
		HideSolutionNode = FALSE
	EndGlobalSection
	GlobalSection(ExtensibilityGlobals) = postSolution
		SolutionGuid = {0CD47472-99BA-49CB-94FD-CD975147582E}
	EndGlobalSection
EndGlobal
